
Microsoft Visual Studio Solution File, Format Version 12.00
# Visual Studio Version 17
VisualStudioVersion = 17.0.31912.275
MinimumVisualStudioVersion = 10.0.40219.1
Project("{9A19103F-16F7-4668-BE54-9A1E7A4F7556}") = "DocumentExtractor", "DocumentExtractor.csproj", "{59C4939D-68CC-4737-A018-DC2C72B63E85}"
EndProject
Global
	GlobalSection(SolutionConfigurationPlatforms) = preSolution
		Debug|Any CPU = Debug|Any CPU
		Release|Any CPU = Release|Any CPU
	EndGlobalSection
	GlobalSection(ProjectConfigurationPlatforms) = postSolution
		{59C4939D-68CC-4737-A018-DC2C72B63E85}.Debug|Any CPU.ActiveCfg = Debug|Any CPU
		{59C4939D-68CC-4737-A018-DC2C72B63E85}.Debug|Any CPU.Build.0 = Debug|Any CPU
		{59C4939D-68CC-4737-A018-DC2C72B63E85}.Release|Any CPU.ActiveCfg = Release|Any CPU
		{59C4939D-68CC-4737-A018-DC2C72B63E85}.Release|Any CPU.Build.0 = Release|Any CPU
	EndGlobalSection
	GlobalSection(SolutionProperties) = preSolution
		HideSolutionNode = FALSE
	EndGlobalSection
	GlobalSection(ExtensibilityGlobals) = postSolution
		SolutionGuid = {C88A0CA3-CB0C-4642-ACD7-9AECAE8140EE}
	EndGlobalSection
EndGlobal
